// !$*UTF8*$!
{
	archiveVersion = 1;
	classes = {
	};
	objectVersion = 46;
	objects = {

/* Begin PBXBuildFile section */
		121E4EBB1B1D948600C6E087 /* AppDelegate.swift in Sources */ = {isa = PBXBuildFile; fileRef = 121E4EBA1B1D948600C6E087 /* AppDelegate.swift */; };
		121E4EBD1B1D948600C6E087 /* ViewController.swift in Sources */ = {isa = PBXBuildFile; fileRef = 121E4EBC1B1D948600C6E087 /* ViewController.swift */; };
		121E4EC01B1D948600C6E087 /* Main.storyboard in Resources */ = {isa = PBXBuildFile; fileRef = 121E4EBE1B1D948600C6E087 /* Main.storyboard */; };
		121E4EC21B1D948600C6E087 /* Images.xcassets in Resources */ = {isa = PBXBuildFile; fileRef = 121E4EC11B1D948600C6E087 /* Images.xcassets */; };
		121E4EC51B1D948600C6E087 /* LaunchScreen.xib in Resources */ = {isa = PBXBuildFile; fileRef = 121E4EC31B1D948600C6E087 /* LaunchScreen.xib */; };
		121E4ED11B1D948600C6E087 /* ShoeConverterTests.swift in Sources */ = {isa = PBXBuildFile; fileRef = 121E4ED01B1D948600C6E087 /* ShoeConverterTests.swift */; };
/* End PBXBuildFile section */

/* Begin PBXContainerItemProxy section */
		121E4ECB1B1D948600C6E087 /* PBXContainerItemProxy */ = {
			isa = PBXContainerItemProxy;
			containerPortal = 121E4EAD1B1D948600C6E087 /* Project object */;
			proxyType = 1;
			remoteGlobalIDString = 121E4EB41B1D948600C6E087;
			remoteInfo = ShoeConverter;
		};
/* End PBXContainerItemProxy section */

/* Begin PBXFileReference section */
		121E4EB51B1D948600C6E087 /* ShoeConverter.app */ = {isa = PBXFileReference; explicitFileType = wrapper.application; includeInIndex = 0; path = ShoeConverter.app; sourceTree = BUILT_PRODUCTS_DIR; };
		121E4EB91B1D948600C6E087 /* Info.plist */ = {isa = PBXFileReference; lastKnownFileType = text.plist.xml; path = Info.plist; sourceTree = "<group>"; };
		121E4EBA1B1D948600C6E087 /* AppDelegate.swift */ = {isa = PBXFileReference; lastKnownFileType = sourcecode.swift; path = AppDelegate.swift; sourceTree = "<group>"; };
		121E4EBC1B1D948600C6E087 /* ViewController.swift */ = {isa = PBXFileReference; lastKnownFileType = sourcecode.swift; path = ViewController.swift; sourceTree = "<group>"; };
		121E4EBF1B1D948600C6E087 /* Base */ = {isa = PBXFileReference; lastKnownFileType = file.storyboard; name = Base; path = Base.lproj/Main.storyboard; sourceTree = "<group>"; };
		121E4EC11B1D948600C6E087 /* Images.xcassets */ = {isa = PBXFileReference; lastKnownFileType = folder.assetcatalog; path = Images.xcassets; sourceTree = "<group>"; };
		121E4EC41B1D948600C6E087 /* Base */ = {isa = PBXFileReference; lastKnownFileType = file.xib; name = Base; path = Base.lproj/LaunchScreen.xib; sourceTree = "<group>"; };
		121E4ECA1B1D948600C6E087 /* ShoeConverterTests.xctest */ = {isa = PBXFileReference; explicitFileType = wrapper.cfbundle; includeInIndex = 0; path = ShoeConverterTests.xctest; sourceTree = BUILT_PRODUCTS_DIR; };
		121E4ECF1B1D948600C6E087 /* Info.plist */ = {isa = PBXFileReference; lastKnownFileType = text.plist.xml; path = Info.plist; sourceTree = "<group>"; };
		121E4ED01B1D948600C6E087 /* ShoeConverterTests.swift */ = {isa = PBXFileReference; lastKnownFileType = sourcecode.swift; path = ShoeConverterTests.swift; sourceTree = "<group>"; };
/* End PBXFileReference section */

/* Begin PBXFrameworksBuildPhase section */
		121E4EB21B1D948600C6E087 /* Frameworks */ = {
			isa = PBXFrameworksBuildPhase;
			buildActionMask = 2147483647;
			files = (
			);
			runOnlyForDeploymentPostprocessing = 0;
		};
		121E4EC71B1D948600C6E087 /* Frameworks */ = {
			isa = PBXFrameworksBuildPhase;
			buildActionMask = 2147483647;
			files = (
			);
			runOnlyForDeploymentPostprocessing = 0;
		};
/* End PBXFrameworksBuildPhase section */

/* Begin PBXGroup section */
		121E4EAC1B1D948600C6E087 = {
			isa = PBXGroup;
			children = (
				121E4EB71B1D948600C6E087 /* ShoeConverter */,
				121E4ECD1B1D948600C6E087 /* ShoeConverterTests */,
				121E4EB61B1D948600C6E087 /* Products */,
			);
			sourceTree = "<group>";
		};
		121E4EB61B1D948600C6E087 /* Products */ = {
			isa = PBXGroup;
			children = (
				121E4EB51B1D948600C6E087 /* ShoeConverter.app */,
				121E4ECA1B1D948600C6E087 /* ShoeConverterTests.xctest */,
			);
			name = Products;
			sourceTree = "<group>";
		};
		121E4EB71B1D948600C6E087 /* ShoeConverter */ = {
			isa = PBXGroup;
			children = (
				121E4EBA1B1D948600C6E087 /* AppDelegate.swift */,
				121E4EBC1B1D948600C6E087 /* ViewController.swift */,
				121E4EBE1B1D948600C6E087 /* Main.storyboard */,
				121E4EC11B1D948600C6E087 /* Images.xcassets */,
				121E4EC31B1D948600C6E087 /* LaunchScreen.xib */,
				121E4EB81B1D948600C6E087 /* Supporting Files */,
			);
			path = ShoeConverter;
			sourceTree = "<group>";
		};
		121E4EB81B1D948600C6E087 /* Supporting Files */ = {
			isa = PBXGroup;
			children = (
				121E4EB91B1D948600C6E087 /* Info.plist */,
			);
			name = "Supporting Files";
			sourceTree = "<group>";
		};
		121E4ECD1B1D948600C6E087 /* ShoeConverterTests */ = {
			isa = PBXGroup;
			children = (
				121E4ED01B1D948600C6E087 /* ShoeConverterTests.swift */,
				121E4ECE1B1D948600C6E087 /* Supporting Files */,
			);
			path = ShoeConverterTests;
			sourceTree = "<group>";
		};
		121E4ECE1B1D948600C6E087 /* Supporting Files */ = {
			isa = PBXGroup;
			children = (
				121E4ECF1B1D948600C6E087 /* Info.plist */,
			);
			name = "Supporting Files";
			sourceTree = "<group>";
		};
/* End PBXGroup section */

/* Begin PBXNativeTarget section */
		121E4EB41B1D948600C6E087 /* ShoeConverter */ = {
			isa = PBXNativeTarget;
			buildConfigurationList = 121E4ED41B1D948600C6E087 /* Build configuration list for PBXNativeTarget "ShoeConverter" */;
			buildPhases = (
				121E4EB11B1D948600C6E087 /* Sources */,
				121E4EB21B1D948600C6E087 /* Frameworks */,
				121E4EB31B1D948600C6E087 /* Resources */,
			);
			buildRules = (
			);
			dependencies = (
			);
			name = ShoeConverter;
			productName = ShoeConverter;
			productReference = 121E4EB51B1D948600C6E087 /* ShoeConverter.app */;
			productType = "com.apple.product-type.application";
		};
		121E4EC91B1D948600C6E087 /* ShoeConverterTests */ = {
			isa = PBXNativeTarget;
			buildConfigurationList = 121E4ED71B1D948600C6E087 /* Build configuration list for PBXNativeTarget "ShoeConverterTests" */;
			buildPhases = (
				121E4EC61B1D948600C6E087 /* Sources */,
				121E4EC71B1D948600C6E087 /* Frameworks */,
				121E4EC81B1D948600C6E087 /* Resources */,
			);
			buildRules = (
			);
			dependencies = (
				121E4ECC1B1D948600C6E087 /* PBXTargetDependency */,
			);
			name = ShoeConverterTests;
			productName = ShoeConverterTests;
			productReference = 121E4ECA1B1D948600C6E087 /* ShoeConverterTests.xctest */;
			productType = "com.apple.product-type.bundle.unit-test";
		};
/* End PBXNativeTarget section */

/* Begin PBXProject section */
		121E4EAD1B1D948600C6E087 /* Project object */ = {
			isa = PBXProject;
			attributes = {
				LastUpgradeCheck = 0630;
				ORGANIZATIONNAME = Klackr;
				TargetAttributes = {
					121E4EB41B1D948600C6E087 = {
						CreatedOnToolsVersion = 6.3.2;
					};
					121E4EC91B1D948600C6E087 = {
						CreatedOnToolsVersion = 6.3.2;
						TestTargetID = 121E4EB41B1D948600C6E087;
					};
				};
			};
			buildConfigurationList = 121E4EB01B1D948600C6E087 /* Build configuration list for PBXProject "ShoeConverter" */;
			compatibilityVersion = "Xcode 3.2";
			developmentRegion = English;
			hasScannedForEncodings = 0;
			knownRegions = (
				en,
				Base,
			);
			mainGroup = 121E4EAC1B1D948600C6E087;
			productRefGroup = 121E4EB61B1D948600C6E087 /* Products */;
			projectDirPath = "";
			projectRoot = "";
			targets = (
				121E4EB41B1D948600C6E087 /* ShoeConverter */,
				121E4EC91B1D948600C6E087 /* ShoeConverterTests */,
			);
		};
/* End PBXProject section */

/* Begin PBXResourcesBuildPhase section */
		121E4EB31B1D948600C6E087 /* Resources */ = {
			isa = PBXResourcesBuildPhase;
			buildActionMask = 2147483647;
			files = (
				121E4EC01B1D948600C6E087 /* Main.storyboard in Resources */,
				121E4EC51B1D948600C6E087 /* LaunchScreen.xib in Resources */,
				121E4EC21B1D948600C6E087 /* Images.xcassets in Resources */,
			);
			runOnlyForDeploymentPostprocessing = 0;
		};
		121E4EC81B1D948600C6E087 /* Resources */ = {
			isa = PBXResourcesBuildPhase;
			buildActionMask = 2147483647;
			files = (
			);
			runOnlyForDeploymentPostprocessing = 0;
		};
/* End PBXResourcesBuildPhase section */

/* Begin PBXSourcesBuildPhase section */
		121E4EB11B1D948600C6E087 /* Sources */ = {
			isa = PBXSourcesBuildPhase;
			buildActionMask = 2147483647;
			files = (
				121E4EBD1B1D948600C6E087 /* ViewController.swift in Sources */,
				121E4EBB1B1D948600C6E087 /* AppDelegate.swift in Sources */,
			);
			runOnlyForDeploymentPostprocessing = 0;
		};
		121E4EC61B1D948600C6E087 /* Sources */ = {
			isa = PBXSourcesBuildPhase;
			buildActionMask = 2147483647;
			files = (
				121E4ED11B1D948600C6E087 /* ShoeConverterTests.swift in Sources */,
			);
			runOnlyForDeploymentPostprocessing = 0;
		};
/* End PBXSourcesBuildPhase section */

/* Begin PBXTargetDependency section */
		121E4ECC1B1D948600C6E087 /* PBXTargetDependency */ = {
			isa = PBXTargetDependency;
			target = 121E4EB41B1D948600C6E087 /* ShoeConverter */;
			targetProxy = 121E4ECB1B1D948600C6E087 /* PBXContainerItemProxy */;
		};
/* End PBXTargetDependency section */

/* Begin PBXVariantGroup section */
		121E4EBE1B1D948600C6E087 /* Main.storyboard */ = {
			isa = PBXVariantGroup;
			children = (
				121E4EBF1B1D948600C6E087 /* Base */,
			);
			name = Main.storyboard;
			sourceTree = "<group>";
		};
		121E4EC31B1D948600C6E087 /* LaunchScreen.xib */ = {
			isa = PBXVariantGroup;
			children = (
				121E4EC41B1D948600C6E087 /* Base */,
			);
			name = LaunchScreen.xib;
			sourceTree = "<group>";
		};
/* End PBXVariantGroup section */

/* Begin XCBuildConfiguration section */
		121E4ED21B1D948600C6E087 /* Debug */ = {
			isa = XCBuildConfiguration;
			buildSettings = {
				ALWAYS_SEARCH_USER_PATHS = NO;
				CLANG_CXX_LANGUAGE_STANDARD = "gnu++0x";
				CLANG_CXX_LIBRARY = "libc++";
				CLANG_ENABLE_MODULES = YES;
				CLANG_ENABLE_OBJC_ARC = YES;
				CLANG_WARN_BOOL_CONVERSION = YES;
				CLANG_WARN_CONSTANT_CONVERSION = YES;
				CLANG_WARN_DIRECT_OBJC_ISA_USAGE = YES_ERROR;
				CLANG_WARN_EMPTY_BODY = YES;
				CLANG_WARN_ENUM_CONVERSION = YES;
				CLANG_WARN_INT_CONVERSION = YES;
				CLANG_WARN_OBJC_ROOT_CLASS = YES_ERROR;
				CLANG_WARN_UNREACHABLE_CODE = YES;
				CLANG_WARN__DUPLICATE_METHOD_MATCH = YES;
				"CODE_SIGN_IDENTITY[sdk=iphoneos*]" = "iPhone Developer";
				COPY_PHASE_STRIP = NO;
				DEBUG_INFORMATION_FORMAT = "dwarf-with-dsym";
				ENABLE_STRICT_OBJC_MSGSEND = YES;
				GCC_C_LANGUAGE_STANDARD = gnu99;
				GCC_DYNAMIC_NO_PIC = NO;
				GCC_NO_COMMON_BLOCKS = YES;
				GCC_OPTIMIZATION_LEVEL = 0;
				GCC_PREPROCESSOR_DEFINITIONS = (
					"DEBUG=1",
					"$(inherited)",
				);
				GCC_SYMBOLS_PRIVATE_EXTERN = NO;
				GCC_WARN_64_TO_32_BIT_CONVERSION = YES;
				GCC_WARN_ABOUT_RETURN_TYPE = YES_ERROR;
				GCC_WARN_UNDECLARED_SELECTOR = YES;
				GCC_WARN_UNINITIALIZED_AUTOS = YES_AGGRESSIVE;
				GCC_WARN_UNUSED_FUNCTION = YES;
				GCC_WARN_UNUSED_VARIABLE = YES;
				IPHONEOS_DEPLOYMENT_TARGET = 8.3;
				MTL_ENABLE_DEBUG_INFO = YES;
				ONLY_ACTIVE_ARCH = YES;
				SDKROOT = iphoneos;
				SWIFT_OPTIMIZATION_LEVEL = "-Onone";
				TARGETED_DEVICE_FAMILY = "1,2";
			};
			name = Debug;
		};
		121E4ED31B1D948600C6E087 /* Release */ = {
			isa = XCBuildConfiguration;
			buildSettings = {
				ALWAYS_SEARCH_USER_PATHS = NO;
				CLANG_CXX_LANGUAGE_STANDARD = "gnu++0x";
				CLANG_CXX_LIBRARY = "libc++";
				CLANG_ENABLE_MODULES = YES;
				CLANG_ENABLE_OBJC_ARC = YES;
				CLANG_WARN_BOOL_CONVERSION = YES;
				CLANG_WARN_CONSTANT_CONVERSION = YES;
				CLANG_WARN_DIRECT_OBJC_ISA_USAGE = YES_ERROR;
				CLANG_WARN_EMPTY_BODY = YES;
				CLANG_WARN_ENUM_CONVERSION = YES;
				CLANG_WARN_INT_CONVERSION = YES;
				CLANG_WARN_OBJC_ROOT_CLASS = YES_ERROR;
				CLANG_WARN_UNREACHABLE_CODE = YES;
				CLANG_WARN__DUPLICATE_METHOD_MATCH = YES;
				"CODE_SIGN_IDENTITY[sdk=iphoneos*]" = "iPhone Developer";
				COPY_PHASE_STRIP = NO;
				DEBUG_INFORMATION_FORMAT = "dwarf-with-dsym";
				ENABLE_NS_ASSERTIONS = NO;
				ENABLE_STRICT_OBJC_MSGSEND = YES;
				GCC_C_LANGUAGE_STANDARD = gnu99;
				GCC_NO_COMMON_BLOCKS = YES;
				GCC_WARN_64_TO_32_BIT_CONVERSION = YES;
				GCC_WARN_ABOUT_RETURN_TYPE = YES_ERROR;
				GCC_WARN_UNDECLARED_SELECTOR = YES;
				GCC_WARN_UNINITIALIZED_AUTOS = YES_AGGRESSIVE;
				GCC_WARN_UNUSED_FUNCTION = YES;
				GCC_WARN_UNUSED_VARIABLE = YES;
				IPHONEOS_DEPLOYMENT_TARGET = 8.3;
				MTL_ENABLE_DEBUG_INFO = NO;
				SDKROOT = iphoneos;
				TARGETED_DEVICE_FAMILY = "1,2";
				VALIDATE_PRODUCT = YES;
			};
			name = Release;
		};
		121E4ED51B1D948600C6E087 /* Debug */ = {
			isa = XCBuildConfiguration;
			buildSettings = {
				ASSETCATALOG_COMPILER_APPICON_NAME = AppIcon;
				INFOPLIST_FILE = ShoeConverter/Info.plist;
				LD_RUNPATH_SEARCH_PATHS = "$(inherited) @executable_path/Frameworks";
				PRODUCT_NAME = "$(TARGET_NAME)";
			};
			name = Debug;
		};
		121E4ED61B1D948600C6E087 /* Release */ = {
			isa = XCBuildConfiguration;
			buildSettings = {
				ASSETCATALOG_COMPILER_APPICON_NAME = AppIcon;
				INFOPLIST_FILE = ShoeConverter/Info.plist;
				LD_RUNPATH_SEARCH_PATHS = "$(inherited) @executable_path/Frameworks";
				PRODUCT_NAME = "$(TARGET_NAME)";
			};
			name = Release;
		};
		121E4ED81B1D948600C6E087 /* Debug */ = {
			isa = XCBuildConfiguration;
			buildSettings = {
				BUNDLE_LOADER = "$(TEST_HOST)";
				FRAMEWORK_SEARCH_PATHS = (
					"$(SDKROOT)/Developer/Library/Frameworks",
					"$(inherited)",
				);
				GCC_PREPROCESSOR_DEFINITIONS = (
					"DEBUG=1",
					"$(inherited)",
				);
				INFOPLIST_FILE = ShoeConverterTests/Info.plist;
				LD_RUNPATH_SEARCH_PATHS = "$(inherited) @executable_path/Frameworks @loader_path/Frameworks";
				PRODUCT_NAME = "$(TARGET_NAME)";
				TEST_HOST = "$(BUILT_PRODUCTS_DIR)/ShoeConverter.app/ShoeConverter";
			};
			name = Debug;
		};
		121E4ED91B1D948600C6E087 /* Release */ = {
			isa = XCBuildConfiguration;
			buildSettings = {
				BUNDLE_LOADER = "$(TEST_HOST)";
				FRAMEWORK_SEARCH_PATHS = (
					"$(SDKROOT)/Developer/Library/Frameworks",
					"$(inherited)",
				);
				INFOPLIST_FILE = ShoeConverterTests/Info.plist;
				LD_RUNPATH_SEARCH_PATHS = "$(inherited) @executable_path/Frameworks @loader_path/Frameworks";
				PRODUCT_NAME = "$(TARGET_NAME)";
				TEST_HOST = "$(BUILT_PRODUCTS_DIR)/ShoeConverter.app/ShoeConverter";
			};
			name = Release;
		};
/* End XCBuildConfiguration section */

/* Begin XCConfigurationList section */
		121E4EB01B1D948600C6E087 /* Build configuration list for PBXProject "ShoeConverter" */ = {
			isa = XCConfigurationList;
			buildConfigurations = (
				121E4ED21B1D948600C6E087 /* Debug */,
				121E4ED31B1D948600C6E087 /* Release */,
			);
			defaultConfigurationIsVisible = 0;
			defaultConfigurationName = Release;
		};
		121E4ED41B1D948600C6E087 /* Build configuration list for PBXNativeTarget "ShoeConverter" */ = {
			isa = XCConfigurationList;
			buildConfigurations = (
				121E4ED51B1D948600C6E087 /* Debug */,
				121E4ED61B1D948600C6E087 /* Release */,
			);
			defaultConfigurationIsVisible = 0;
		};
		121E4ED71B1D948600C6E087 /* Build configuration list for PBXNativeTarget "ShoeConverterTests" */ = {
			isa = XCConfigurationList;
			buildConfigurations = (
				121E4ED81B1D948600C6E087 /* Debug */,
				121E4ED91B1D948600C6E087 /* Release */,
			);
			defaultConfigurationIsVisible = 0;
		};
/* End XCConfigurationList section */
	};
	rootObject = 121E4EAD1B1D948600C6E087 /* Project object */;
}
